
Microsoft Visual Studio Solution File, Format Version 11.00
# Visual Studio 2010
Project("{FAE04EC0-301F-11D3-BF4B-00C04F79EFBC}") = "CodeBox.WebUI", "CodeBox.WebUI\CodeBox.WebUI.csproj", "{D6F6E1F8-2D79-4826-A8B6-4FB35EB8AF23}"
EndProject
Project("{FAE04EC0-301F-11D3-BF4B-00C04F79EFBC}") = "CodeBox.Domain", "CodeBox.Domain\CodeBox.Domain.csproj", "{89337627-8831-4275-A360-890F24E9ADE0}"
EndProject
Global
	GlobalSection(SolutionConfigurationPlatforms) = preSolution
		Debug|Any CPU = Debug|Any CPU
		Release|Any CPU = Release|Any CPU
	EndGlobalSection
	GlobalSection(ProjectConfigurationPlatforms) = postSolution
		{D6F6E1F8-2D79-4826-A8B6-4FB35EB8AF23}.Debug|Any CPU.ActiveCfg = Debug|Any CPU
		{D6F6E1F8-2D79-4826-A8B6-4FB35EB8AF23}.Debug|Any CPU.Build.0 = Debug|Any CPU
		{D6F6E1F8-2D79-4826-A8B6-4FB35EB8AF23}.Release|Any CPU.ActiveCfg = Release|Any CPU
		{D6F6E1F8-2D79-4826-A8B6-4FB35EB8AF23}.Release|Any CPU.Build.0 = Release|Any CPU
		{89337627-8831-4275-A360-890F24E9ADE0}.Debug|Any CPU.ActiveCfg = Debug|Any CPU
		{89337627-8831-4275-A360-890F24E9ADE0}.Debug|Any CPU.Build.0 = Debug|Any CPU
		{89337627-8831-4275-A360-890F24E9ADE0}.Release|Any CPU.ActiveCfg = Release|Any CPU
		{89337627-8831-4275-A360-890F24E9ADE0}.Release|Any CPU.Build.0 = Release|Any CPU
	EndGlobalSection
	GlobalSection(SolutionProperties) = preSolution
		HideSolutionNode = FALSE
	EndGlobalSection
EndGlobal
